// !$*UTF8*$!
{
	archiveVersion = 1;
	classes = {
	};
	objectVersion = 50;
	objects = {

/* Begin PBXBuildFile section */
		26F6C46F2593029E00F7F27A /* AppDelegate.swift in Sources */ = {isa = PBXBuildFile; fileRef = 26F6C46E2593029E00F7F27A /* AppDelegate.swift */; };
		26F6C4712593029E00F7F27A /* SceneDelegate.swift in Sources */ = {isa = PBXBuildFile; fileRef = 26F6C4702593029E00F7F27A /* SceneDelegate.swift */; };
		26F6C4732593029E00F7F27A /* ViewController.swift in Sources */ = {isa = PBXBuildFile; fileRef = 26F6C4722593029E00F7F27A /* ViewController.swift */; };
		26F6C4762593029E00F7F27A /* Main.storyboard in Resources */ = {isa = PBXBuildFile; fileRef = 26F6C4742593029E00F7F27A /* Main.storyboard */; };
		26F6C478259302A000F7F27A /* Assets.xcassets in Resources */ = {isa = PBXBuildFile; fileRef = 26F6C477259302A000F7F27A /* Assets.xcassets */; };
		26F6C47B259302A000F7F27A /* LaunchScreen.storyboard in Resources */ = {isa = PBXBuildFile; fileRef = 26F6C479259302A000F7F27A /* LaunchScreen.storyboard */; };
		E2D59B5925A4BC63005C51AF /* DetailViewController.swift in Sources */ = {isa = PBXBuildFile; fileRef = E2D59B5825A4BC62005C51AF /* DetailViewController.swift */; };
/* End PBXBuildFile section */

/* Begin PBXFileReference section */
		26F6C46B2593029E00F7F27A /* AutoLayoutStudy.app */ = {isa = PBXFileReference; explicitFileType = wrapper.application; includeInIndex = 0; path = AutoLayoutStudy.app; sourceTree = BUILT_PRODUCTS_DIR; };
		26F6C46E2593029E00F7F27A /* AppDelegate.swift */ = {isa = PBXFileReference; lastKnownFileType = sourcecode.swift; path = AppDelegate.swift; sourceTree = "<group>"; };
		26F6C4702593029E00F7F27A /* SceneDelegate.swift */ = {isa = PBXFileReference; lastKnownFileType = sourcecode.swift; path = SceneDelegate.swift; sourceTree = "<group>"; };
		26F6C4722593029E00F7F27A /* ViewController.swift */ = {isa = PBXFileReference; lastKnownFileType = sourcecode.swift; path = ViewController.swift; sourceTree = "<group>"; };
		26F6C4752593029E00F7F27A /* Base */ = {isa = PBXFileReference; lastKnownFileType = file.storyboard; name = Base; path = Base.lproj/Main.storyboard; sourceTree = "<group>"; };
		26F6C477259302A000F7F27A /* Assets.xcassets */ = {isa = PBXFileReference; lastKnownFileType = folder.assetcatalog; path = Assets.xcassets; sourceTree = "<group>"; };
		26F6C47A259302A000F7F27A /* Base */ = {isa = PBXFileReference; lastKnownFileType = file.storyboard; name = Base; path = Base.lproj/LaunchScreen.storyboard; sourceTree = "<group>"; };
		26F6C47C259302A000F7F27A /* Info.plist */ = {isa = PBXFileReference; lastKnownFileType = text.plist.xml; path = Info.plist; sourceTree = "<group>"; };
		E2D59B5825A4BC62005C51AF /* DetailViewController.swift */ = {isa = PBXFileReference; lastKnownFileType = sourcecode.swift; path = DetailViewController.swift; sourceTree = "<group>"; };
/* End PBXFileReference section */

/* Begin PBXFrameworksBuildPhase section */
		26F6C4682593029E00F7F27A /* Frameworks */ = {
			isa = PBXFrameworksBuildPhase;
			buildActionMask = 2147483647;
			files = (
			);
			runOnlyForDeploymentPostprocessing = 0;
		};
/* End PBXFrameworksBuildPhase section */

/* Begin PBXGroup section */
		26F6C4622593029E00F7F27A = {
			isa = PBXGroup;
			children = (
				26F6C46D2593029E00F7F27A /* AutoLayoutStudy */,
				26F6C46C2593029E00F7F27A /* Products */,
			);
			sourceTree = "<group>";
		};
		26F6C46C2593029E00F7F27A /* Products */ = {
			isa = PBXGroup;
			children = (
				26F6C46B2593029E00F7F27A /* AutoLayoutStudy.app */,
			);
			name = Products;
			sourceTree = "<group>";
		};
		26F6C46D2593029E00F7F27A /* AutoLayoutStudy */ = {
			isa = PBXGroup;
			children = (
				26F6C46E2593029E00F7F27A /* AppDelegate.swift */,
				26F6C4702593029E00F7F27A /* SceneDelegate.swift */,
				26F6C4722593029E00F7F27A /* ViewController.swift */,
				E2D59B5825A4BC62005C51AF /* DetailViewController.swift */,
				26F6C4742593029E00F7F27A /* Main.storyboard */,
				26F6C477259302A000F7F27A /* Assets.xcassets */,
				26F6C479259302A000F7F27A /* LaunchScreen.storyboard */,
				26F6C47C259302A000F7F27A /* Info.plist */,
			);
			path = AutoLayoutStudy;
			sourceTree = "<group>";
		};
/* End PBXGroup section */

/* Begin PBXNativeTarget section */
		26F6C46A2593029E00F7F27A /* AutoLayoutStudy */ = {
			isa = PBXNativeTarget;
			buildConfigurationList = 26F6C47F259302A000F7F27A /* Build configuration list for PBXNativeTarget "AutoLayoutStudy" */;
			buildPhases = (
				26F6C4672593029E00F7F27A /* Sources */,
				26F6C4682593029E00F7F27A /* Frameworks */,
				26F6C4692593029E00F7F27A /* Resources */,
			);
			buildRules = (
			);
			dependencies = (
			);
			name = AutoLayoutStudy;
			productName = AutoLayoutStudy;
			productReference = 26F6C46B2593029E00F7F27A /* AutoLayoutStudy.app */;
			productType = "com.apple.product-type.application";
		};
/* End PBXNativeTarget section */

/* Begin PBXProject section */
		26F6C4632593029E00F7F27A /* Project object */ = {
			isa = PBXProject;
			attributes = {
				LastSwiftUpdateCheck = 1230;
				LastUpgradeCheck = 1230;
				TargetAttributes = {
					26F6C46A2593029E00F7F27A = {
						CreatedOnToolsVersion = 12.3;
					};
				};
			};
			buildConfigurationList = 26F6C4662593029E00F7F27A /* Build configuration list for PBXProject "AutoLayoutStudy" */;
			compatibilityVersion = "Xcode 9.3";
			developmentRegion = en;
			hasScannedForEncodings = 0;
			knownRegions = (
				en,
				Base,
			);
			mainGroup = 26F6C4622593029E00F7F27A;
			productRefGroup = 26F6C46C2593029E00F7F27A /* Products */;
			projectDirPath = "";
			projectRoot = "";
			targets = (
				26F6C46A2593029E00F7F27A /* AutoLayoutStudy */,
			);
		};
/* End PBXProject section */

/* Begin PBXResourcesBuildPhase section */
		26F6C4692593029E00F7F27A /* Resources */ = {
			isa = PBXResourcesBuildPhase;
			buildActionMask = 2147483647;
			files = (
				26F6C47B259302A000F7F27A /* LaunchScreen.storyboard in Resources */,
				26F6C478259302A000F7F27A /* Assets.xcassets in Resources */,
				26F6C4762593029E00F7F27A /* Main.storyboard in Resources */,
			);
			runOnlyForDeploymentPostprocessing = 0;
		};
/* End PBXResourcesBuildPhase section */

/* Begin PBXSourcesBuildPhase section */
		26F6C4672593029E00F7F27A /* Sources */ = {
			isa = PBXSourcesBuildPhase;
			buildActionMask = 2147483647;
			files = (
				26F6C4732593029E00F7F27A /* ViewController.swift in Sources */,
				26F6C46F2593029E00F7F27A /* AppDelegate.swift in Sources */,
				26F6C4712593029E00F7F27A /* SceneDelegate.swift in Sources */,
				E2D59B5925A4BC63005C51AF /* DetailViewController.swift in Sources */,
			);
			runOnlyForDeploymentPostprocessing = 0;
		};
/* End PBXSourcesBuildPhase section */

/* Begin PBXVariantGroup section */
		26F6C4742593029E00F7F27A /* Main.storyboard */ = {
			isa = PBXVariantGroup;
			children = (
				26F6C4752593029E00F7F27A /* Base */,
			);
			name = Main.storyboard;
			sourceTree = "<group>";
		};
		26F6C479259302A000F7F27A /* LaunchScreen.storyboard */ = {
			isa = PBXVariantGroup;
			children = (
				26F6C47A259302A000F7F27A /* Base */,
			);
			name = LaunchScreen.storyboard;
			sourceTree = "<group>";
		};
/* End PBXVariantGroup section */

/* Begin XCBuildConfiguration section */
		26F6C47D259302A000F7F27A /* Debug */ = {
			isa = XCBuildConfiguration;
			buildSettings = {
				ALWAYS_SEARCH_USER_PATHS = NO;
				CLANG_ANALYZER_NONNULL = YES;
				CLANG_ANALYZER_NUMBER_OBJECT_CONVERSION = YES_AGGRESSIVE;
				CLANG_CXX_LANGUAGE_STANDARD = "gnu++14";
				CLANG_CXX_LIBRARY = "libc++";
				CLANG_ENABLE_MODULES = YES;
				CLANG_ENABLE_OBJC_ARC = YES;
				CLANG_ENABLE_OBJC_WEAK = YES;
				CLANG_WARN_BLOCK_CAPTURE_AUTORELEASING = YES;
				CLANG_WARN_BOOL_CONVERSION = YES;
				CLANG_WARN_COMMA = YES;
				CLANG_WARN_CONSTANT_CONVERSION = YES;
				CLANG_WARN_DEPRECATED_OBJC_IMPLEMENTATIONS = YES;
				CLANG_WARN_DIRECT_OBJC_ISA_USAGE = YES_ERROR;
				CLANG_WARN_DOCUMENTATION_COMMENTS = YES;
				CLANG_WARN_EMPTY_BODY = YES;
				CLANG_WARN_ENUM_CONVERSION = YES;
				CLANG_WARN_INFINITE_RECURSION = YES;
				CLANG_WARN_INT_CONVERSION = YES;
				CLANG_WARN_NON_LITERAL_NULL_CONVERSION = YES;
				CLANG_WARN_OBJC_IMPLICIT_RETAIN_SELF = YES;
				CLANG_WARN_OBJC_LITERAL_CONVERSION = YES;
				CLANG_WARN_OBJC_ROOT_CLASS = YES_ERROR;
				CLANG_WARN_QUOTED_INCLUDE_IN_FRAMEWORK_HEADER = YES;
				CLANG_WARN_RANGE_LOOP_ANALYSIS = YES;
				CLANG_WARN_STRICT_PROTOTYPES = YES;
				CLANG_WARN_SUSPICIOUS_MOVE = YES;
				CLANG_WARN_UNGUARDED_AVAILABILITY = YES_AGGRESSIVE;
				CLANG_WARN_UNREACHABLE_CODE = YES;
				CLANG_WARN__DUPLICATE_METHOD_MATCH = YES;
				COPY_PHASE_STRIP = NO;
				DEBUG_INFORMATION_FORMAT = dwarf;
				ENABLE_STRICT_OBJC_MSGSEND = YES;
				ENABLE_TESTABILITY = YES;
				GCC_C_LANGUAGE_STANDARD = gnu11;
				GCC_DYNAMIC_NO_PIC = NO;
				GCC_NO_COMMON_BLOCKS = YES;
				GCC_OPTIMIZATION_LEVEL = 0;
				GCC_PREPROCESSOR_DEFINITIONS = (
					"DEBUG=1",
					"$(inherited)",
				);
				GCC_WARN_64_TO_32_BIT_CONVERSION = YES;
				GCC_WARN_ABOUT_RETURN_TYPE = YES_ERROR;
				GCC_WARN_UNDECLARED_SELECTOR = YES;
				GCC_WARN_UNINITIALIZED_AUTOS = YES_AGGRESSIVE;
				GCC_WARN_UNUSED_FUNCTION = YES;
				GCC_WARN_UNUSED_VARIABLE = YES;
				IPHONEOS_DEPLOYMENT_TARGET = 14.3;
				MTL_ENABLE_DEBUG_INFO = INCLUDE_SOURCE;
				MTL_FAST_MATH = YES;
				ONLY_ACTIVE_ARCH = YES;
				SDKROOT = iphoneos;
				SWIFT_ACTIVE_COMPILATION_CONDITIONS = DEBUG;
				SWIFT_OPTIMIZATION_LEVEL = "-Onone";
			};
			name = Debug;
		};
		26F6C47E259302A000F7F27A /* Release */ = {
			isa = XCBuildConfiguration;
			buildSettings = {
				ALWAYS_SEARCH_USER_PATHS = NO;
				CLANG_ANALYZER_NONNULL = YES;
				CLANG_ANALYZER_NUMBER_OBJECT_CONVERSION = YES_AGGRESSIVE;
				CLANG_CXX_LANGUAGE_STANDARD = "gnu++14";
				CLANG_CXX_LIBRARY = "libc++";
				CLANG_ENABLE_MODULES = YES;
				CLANG_ENABLE_OBJC_ARC = YES;
				CLANG_ENABLE_OBJC_WEAK = YES;
				CLANG_WARN_BLOCK_CAPTURE_AUTORELEASING = YES;
				CLANG_WARN_BOOL_CONVERSION = YES;
				CLANG_WARN_COMMA = YES;
				CLANG_WARN_CONSTANT_CONVERSION = YES;
				CLANG_WARN_DEPRECATED_OBJC_IMPLEMENTATIONS = YES;
				CLANG_WARN_DIRECT_OBJC_ISA_USAGE = YES_ERROR;
				CLANG_WARN_DOCUMENTATION_COMMENTS = YES;
				CLANG_WARN_EMPTY_BODY = YES;
				CLANG_WARN_ENUM_CONVERSION = YES;
				CLANG_WARN_INFINITE_RECURSION = YES;
				CLANG_WARN_INT_CONVERSION = YES;
				CLANG_WARN_NON_LITERAL_NULL_CONVERSION = YES;
				CLANG_WARN_OBJC_IMPLICIT_RETAIN_SELF = YES;
				CLANG_WARN_OBJC_LITERAL_CONVERSION = YES;
				CLANG_WARN_OBJC_ROOT_CLASS = YES_ERROR;
				CLANG_WARN_QUOTED_INCLUDE_IN_FRAMEWORK_HEADER = YES;
				CLANG_WARN_RANGE_LOOP_ANALYSIS = YES;
				CLANG_WARN_STRICT_PROTOTYPES = YES;
				CLANG_WARN_SUSPICIOUS_MOVE = YES;
				CLANG_WARN_UNGUARDED_AVAILABILITY = YES_AGGRESSIVE;
				CLANG_WARN_UNREACHABLE_CODE = YES;
				CLANG_WARN__DUPLICATE_METHOD_MATCH = YES;
				COPY_PHASE_STRIP = NO;
				DEBUG_INFORMATION_FORMAT = "dwarf-with-dsym";
				ENABLE_NS_ASSERTIONS = NO;
				ENABLE_STRICT_OBJC_MSGSEND = YES;
				GCC_C_LANGUAGE_STANDARD = gnu11;
				GCC_NO_COMMON_BLOCKS = YES;
				GCC_WARN_64_TO_32_BIT_CONVERSION = YES;
				GCC_WARN_ABOUT_RETURN_TYPE = YES_ERROR;
				GCC_WARN_UNDECLARED_SELECTOR = YES;
				GCC_WARN_UNINITIALIZED_AUTOS = YES_AGGRESSIVE;
				GCC_WARN_UNUSED_FUNCTION = YES;
				GCC_WARN_UNUSED_VARIABLE = YES;
				IPHONEOS_DEPLOYMENT_TARGET = 14.3;
				MTL_ENABLE_DEBUG_INFO = NO;
				MTL_FAST_MATH = YES;
				SDKROOT = iphoneos;
				SWIFT_COMPILATION_MODE = wholemodule;
				SWIFT_OPTIMIZATION_LEVEL = "-O";
				VALIDATE_PRODUCT = YES;
			};
			name = Release;
		};
		26F6C480259302A000F7F27A /* Debug */ = {
			isa = XCBuildConfiguration;
			buildSettings = {
				ASSETCATALOG_COMPILER_APPICON_NAME = AppIcon;
				ASSETCATALOG_COMPILER_GLOBAL_ACCENT_COLOR_NAME = AccentColor;
				CODE_SIGN_STYLE = Automatic;
				INFOPLIST_FILE = AutoLayoutStudy/Info.plist;
				LD_RUNPATH_SEARCH_PATHS = (
					"$(inherited)",
					"@executable_path/Frameworks",
				);
				PRODUCT_BUNDLE_IDENTIFIER = net.jake.AutoLayoutStudy;
				PRODUCT_NAME = "$(TARGET_NAME)";
				SWIFT_VERSION = 5.0;
				TARGETED_DEVICE_FAMILY = "1,2";
			};
			name = Debug;
		};
		26F6C481259302A000F7F27A /* Release */ = {
			isa = XCBuildConfiguration;
			buildSettings = {
				ASSETCATALOG_COMPILER_APPICON_NAME = AppIcon;
				ASSETCATALOG_COMPILER_GLOBAL_ACCENT_COLOR_NAME = AccentColor;
				CODE_SIGN_STYLE = Automatic;
				INFOPLIST_FILE = AutoLayoutStudy/Info.plist;
				LD_RUNPATH_SEARCH_PATHS = (
					"$(inherited)",
					"@executable_path/Frameworks",
				);
				PRODUCT_BUNDLE_IDENTIFIER = net.jake.AutoLayoutStudy;
				PRODUCT_NAME = "$(TARGET_NAME)";
				SWIFT_VERSION = 5.0;
				TARGETED_DEVICE_FAMILY = "1,2";
			};
			name = Release;
		};
/* End XCBuildConfiguration section */

/* Begin XCConfigurationList section */
		26F6C4662593029E00F7F27A /* Build configuration list for PBXProject "AutoLayoutStudy" */ = {
			isa = XCConfigurationList;
			buildConfigurations = (
				26F6C47D259302A000F7F27A /* Debug */,
				26F6C47E259302A000F7F27A /* Release */,
			);
			defaultConfigurationIsVisible = 0;
			defaultConfigurationName = Release;
		};
		26F6C47F259302A000F7F27A /* Build configuration list for PBXNativeTarget "AutoLayoutStudy" */ = {
			isa = XCConfigurationList;
			buildConfigurations = (
				26F6C480259302A000F7F27A /* Debug */,
				26F6C481259302A000F7F27A /* Release */,
			);
			defaultConfigurationIsVisible = 0;
			defaultConfigurationName = Release;
		};
/* End XCConfigurationList section */
	};
	rootObject = 26F6C4632593029E00F7F27A /* Project object */;
}
